
Microsoft Visual Studio Solution File, Format Version 12.00
# Visual Studio Version 17
VisualStudioVersion = 17.11.35303.130
MinimumVisualStudioVersion = 10.0.40219.1
Project("{9A19103F-16F7-4668-BE54-9A1E7A4F7556}") = "Network_programming_2", "Network_programming_2\Network_programming_2.csproj", "{007AF8DF-8A30-44E6-8BE9-A2ACFA1B9A61}"
EndProject
Project("{9A19103F-16F7-4668-BE54-9A1E7A4F7556}") = "Weather", "Weather\Weather.csproj", "{8D0EDDBC-CB9F-4334-977B-83F313C87C4A}"
EndProject
Project("{9A19103F-16F7-4668-BE54-9A1E7A4F7556}") = "TCP_Client", "TCP_Client\TCP_Client.csproj", "{A9D19276-39B9-47FA-933D-78DB74F968E2}"
EndProject
Project("{9A19103F-16F7-4668-BE54-9A1E7A4F7556}") = "TCP_Server", "TCP_Server\TCP_Server.csproj", "{1FB33A56-25CB-4C9E-8B9D-6881E2EC8720}"
EndProject
Project("{9A19103F-16F7-4668-BE54-9A1E7A4F7556}") = "TCP_Listener_Client", "TCP_Listener_Client\TCP_Listener_Client.csproj", "{5C49CADA-D4F8-493B-8565-B4D9A3CDB567}"
EndProject
Project("{9A19103F-16F7-4668-BE54-9A1E7A4F7556}") = "Chat_Listener_Client_WPF", "Chat_Listener_Client_WPF\Chat_Listener_Client_WPF.csproj", "{5C8C6558-F597-4252-9680-280C53E58B7E}"
EndProject
Project("{FAE04EC0-301F-11D3-BF4B-00C04F79EFBC}") = "Encryption", "Encryption\Encryption.csproj", "{D968D094-0DB8-4569-B4B0-03752CC023CD}"
EndProject
Global
	GlobalSection(SolutionConfigurationPlatforms) = preSolution
		Debug|Any CPU = Debug|Any CPU
		Release|Any CPU = Release|Any CPU
	EndGlobalSection
	GlobalSection(ProjectConfigurationPlatforms) = postSolution
		{007AF8DF-8A30-44E6-8BE9-A2ACFA1B9A61}.Debug|Any CPU.ActiveCfg = Debug|Any CPU
		{007AF8DF-8A30-44E6-8BE9-A2ACFA1B9A61}.Debug|Any CPU.Build.0 = Debug|Any CPU
		{007AF8DF-8A30-44E6-8BE9-A2ACFA1B9A61}.Release|Any CPU.ActiveCfg = Release|Any CPU
		{007AF8DF-8A30-44E6-8BE9-A2ACFA1B9A61}.Release|Any CPU.Build.0 = Release|Any CPU
		{8D0EDDBC-CB9F-4334-977B-83F313C87C4A}.Debug|Any CPU.ActiveCfg = Debug|Any CPU
		{8D0EDDBC-CB9F-4334-977B-83F313C87C4A}.Debug|Any CPU.Build.0 = Debug|Any CPU
		{8D0EDDBC-CB9F-4334-977B-83F313C87C4A}.Release|Any CPU.ActiveCfg = Release|Any CPU
		{8D0EDDBC-CB9F-4334-977B-83F313C87C4A}.Release|Any CPU.Build.0 = Release|Any CPU
		{A9D19276-39B9-47FA-933D-78DB74F968E2}.Debug|Any CPU.ActiveCfg = Debug|Any CPU
		{A9D19276-39B9-47FA-933D-78DB74F968E2}.Debug|Any CPU.Build.0 = Debug|Any CPU
		{A9D19276-39B9-47FA-933D-78DB74F968E2}.Release|Any CPU.ActiveCfg = Release|Any CPU
		{A9D19276-39B9-47FA-933D-78DB74F968E2}.Release|Any CPU.Build.0 = Release|Any CPU
		{1FB33A56-25CB-4C9E-8B9D-6881E2EC8720}.Debug|Any CPU.ActiveCfg = Debug|Any CPU
		{1FB33A56-25CB-4C9E-8B9D-6881E2EC8720}.Debug|Any CPU.Build.0 = Debug|Any CPU
		{1FB33A56-25CB-4C9E-8B9D-6881E2EC8720}.Release|Any CPU.ActiveCfg = Release|Any CPU
		{1FB33A56-25CB-4C9E-8B9D-6881E2EC8720}.Release|Any CPU.Build.0 = Release|Any CPU
		{5C49CADA-D4F8-493B-8565-B4D9A3CDB567}.Debug|Any CPU.ActiveCfg = Debug|Any CPU
		{5C49CADA-D4F8-493B-8565-B4D9A3CDB567}.Debug|Any CPU.Build.0 = Debug|Any CPU
		{5C49CADA-D4F8-493B-8565-B4D9A3CDB567}.Release|Any CPU.ActiveCfg = Release|Any CPU
		{5C49CADA-D4F8-493B-8565-B4D9A3CDB567}.Release|Any CPU.Build.0 = Release|Any CPU
		{5C8C6558-F597-4252-9680-280C53E58B7E}.Debug|Any CPU.ActiveCfg = Debug|Any CPU
		{5C8C6558-F597-4252-9680-280C53E58B7E}.Debug|Any CPU.Build.0 = Debug|Any CPU
		{5C8C6558-F597-4252-9680-280C53E58B7E}.Release|Any CPU.ActiveCfg = Release|Any CPU
		{5C8C6558-F597-4252-9680-280C53E58B7E}.Release|Any CPU.Build.0 = Release|Any CPU
		{D968D094-0DB8-4569-B4B0-03752CC023CD}.Debug|Any CPU.ActiveCfg = Debug|Any CPU
		{D968D094-0DB8-4569-B4B0-03752CC023CD}.Debug|Any CPU.Build.0 = Debug|Any CPU
		{D968D094-0DB8-4569-B4B0-03752CC023CD}.Release|Any CPU.ActiveCfg = Release|Any CPU
		{D968D094-0DB8-4569-B4B0-03752CC023CD}.Release|Any CPU.Build.0 = Release|Any CPU
	EndGlobalSection
	GlobalSection(SolutionProperties) = preSolution
		HideSolutionNode = FALSE
	EndGlobalSection
	GlobalSection(ExtensibilityGlobals) = postSolution
		SolutionGuid = {F5710DF6-91B8-4C9D-BDDA-F03F8367240B}
	EndGlobalSection
EndGlobal
